
Microsoft Visual Studio Solution File, Format Version 12.00
# Visual Studio Version 17
VisualStudioVersion = 17.6.33815.320
MinimumVisualStudioVersion = 10.0.40219.1
Project("{FAE04EC0-301F-11D3-BF4B-00C04F79EFBC}") = "BudgetBuddy", "BudgetBuddy.csproj", "{B81482CA-DED0-487A-A3CC-FE8E4F4E4AA1}"
EndProject
Global
	GlobalSection(SolutionConfigurationPlatforms) = preSolution
		Debug|Any CPU = Debug|Any CPU
		Release|Any CPU = Release|Any CPU
	EndGlobalSection
	GlobalSection(ProjectConfigurationPlatforms) = postSolution
		{B81482CA-DED0-487A-A3CC-FE8E4F4E4AA1}.Debug|Any CPU.ActiveCfg = Debug|Any CPU
		{B81482CA-DED0-487A-A3CC-FE8E4F4E4AA1}.Debug|Any CPU.Build.0 = Debug|Any CPU
		{B81482CA-DED0-487A-A3CC-FE8E4F4E4AA1}.Release|Any CPU.ActiveCfg = Release|Any CPU
		{B81482CA-DED0-487A-A3CC-FE8E4F4E4AA1}.Release|Any CPU.Build.0 = Release|Any CPU
	EndGlobalSection
	GlobalSection(SolutionProperties) = preSolution
		HideSolutionNode = FALSE
	EndGlobalSection
	GlobalSection(ExtensibilityGlobals) = postSolution
		SolutionGuid = {933A53CD-FFA8-4E61-B469-DED9E1C80294}
	EndGlobalSection
EndGlobal
